
Microsoft Visual Studio Solution File, Format Version 12.00
# Visual Studio 15
VisualStudioVersion = 15.0.28307.329
MinimumVisualStudioVersion = 10.0.40219.1
Project("{FAE04EC0-301F-11D3-BF4B-00C04F79EFBC}") = "GifToPikabu", "GifToPikabu\GifToPikabu.csproj", "{00F17DD1-A9AE-4B39-BDA6-1219FBB5F8B7}"
EndProject
Global
	GlobalSection(SolutionConfigurationPlatforms) = preSolution
		Debug|Any CPU = Debug|Any CPU
		Release|Any CPU = Release|Any CPU
	EndGlobalSection
	GlobalSection(ProjectConfigurationPlatforms) = postSolution
		{00F17DD1-A9AE-4B39-BDA6-1219FBB5F8B7}.Debug|Any CPU.ActiveCfg = Debug|Any CPU
		{00F17DD1-A9AE-4B39-BDA6-1219FBB5F8B7}.Debug|Any CPU.Build.0 = Debug|Any CPU
		{00F17DD1-A9AE-4B39-BDA6-1219FBB5F8B7}.Release|Any CPU.ActiveCfg = Release|Any CPU
		{00F17DD1-A9AE-4B39-BDA6-1219FBB5F8B7}.Release|Any CPU.Build.0 = Release|Any CPU
	EndGlobalSection
	GlobalSection(SolutionProperties) = preSolution
		HideSolutionNode = FALSE
	EndGlobalSection
	GlobalSection(ExtensibilityGlobals) = postSolution
		SolutionGuid = {5DC9D96A-C11C-43AC-8B1D-5F514B9C101C}
	EndGlobalSection
EndGlobal
